<?xml version="1.0" encoding="utf-8"?>
<Project ToolsVersion="4.0" xmlns="http://schemas.microsoft.com/developer/msbuild/2003">
  <ItemGroup>
    <Filter Include="ソース ファイル">
      <UniqueIdentifier>{4FC737F1-C7A5-4376-A066-2A32D752A2FF}</UniqueIdentifier>
      <Extensions>cpp;c;cc;cxx;c++;cppm;ixx;def;odl;idl;hpj;bat;asm;asmx</Extensions>
    </Filter>
    <Filter Include="ヘッダー ファイル">
      <UniqueIdentifier>{93995380-89BD-4b04-88EB-625FBE52EBFB}</UniqueIdentifier>
      <Extensions>h;hh;hpp;hxx;h++;hm;inl;inc;ipp;xsd</Extensions>
    </Filter>
    <Filter Include="リソース ファイル">
      <UniqueIdentifier>{67DA6AB6-F800-4c08-8B7A-83BB121AAD01}</UniqueIdentifier>
      <Extensions>rc;ico;cur;bmp;dlg;rc2;rct;bin;rgs;gif;jpg;jpeg;jpe;resx;tiff;tif;png;wav;mfcribbon-ms</Extensions>
    </Filter>
    <Filter Include="SDK">
      <UniqueIdentifier>{ad5e4588-bb62-4529-b967-43e9274ab14a}</UniqueIdentifier>
    </Filter>
    <Filter Include="Hook">
      <UniqueIdentifier>{f0853a97-55cc-4221-94c7-17ea6c9b3052}</UniqueIdentifier>
    </Filter>
    <Filter Include="Utils">
      <UniqueIdentifier>{63e01ccf-c9d0-40d6-972d-e84f43e61e32}</UniqueIdentifier>
    </Filter>
    <Filter Include="Hook\Detour">
      <UniqueIdentifier>{19faddc5-ff03-4acb-8b9e-acf0d4e0ecd2}</UniqueIdentifier>
    </Filter>
  </ItemGroup>
  <ItemGroup>
    <ClCompile Include="dllmain.cpp">
      <Filter>ソース ファイル</Filter>
    </ClCompile>
    <ClCompile Include="Sigs.cpp">
      <Filter>Hook</Filter>
    </ClCompile>
    <ClCompile Include="Function.cpp">
      <Filter>Hook</Filter>
    </ClCompile>
    <ClCompile Include="PCH.cpp">
      <Filter>ソース ファイル</Filter>
    </ClCompile>
    <ClCompile Include="Utils.cpp">
      <Filter>Utils</Filter>
    </ClCompile>
    <ClCompile Include="Class.hpp">
      <Filter>Utils</Filter>
    </ClCompile>
    <ClCompile Include="Hooks.cpp">
      <Filter>Hook</Filter>
    </ClCompile>
    <ClCompile Include="Detour.cpp">
      <Filter>Hook\Detour</Filter>
    </ClCompile>
    <ClCompile Include="GameMode.cpp">
      <Filter>SDK</Filter>
    </ClCompile>
    <ClCompile Include="Player.cpp">
      <Filter>SDK</Filter>
    </ClCompile>
    <ClCompile Include="Level.cpp">
      <Filter>SDK</Filter>
    </ClCompile>
  </ItemGroup>
  <ItemGroup>
    <ClInclude Include="Player.hpp">
      <Filter>SDK</Filter>
    </ClInclude>
    <ClInclude Include="GameMode.hpp">
      <Filter>SDK</Filter>
    </ClInclude>
    <ClInclude Include="ClientInstance.hpp">
      <Filter>SDK</Filter>
    </ClInclude>
    <ClInclude Include="Sigs.hpp">
      <Filter>Hook</Filter>
    </ClInclude>
    <ClInclude Include="PCH.hpp">
      <Filter>ヘッダー ファイル</Filter>
    </ClInclude>
    <ClInclude Include="Function.hpp">
      <Filter>Hook</Filter>
    </ClInclude>
    <ClInclude Include="Utils.hpp">
      <Filter>Utils</Filter>
    </ClInclude>
    <ClInclude Include="Hooks.hpp">
      <Filter>Hook</Filter>
    </ClInclude>
    <ClInclude Include="Detour.hpp">
      <Filter>Hook\Detour</Filter>
    </ClInclude>
    <ClInclude Include="Actor.hpp">
      <Filter>SDK</Filter>
    </ClInclude>
    <ClInclude Include="Mob.hpp">
      <Filter>SDK</Filter>
    </ClInclude>
    <ClInclude Include="Level.hpp">
      <Filter>SDK</Filter>
    </ClInclude>
  </ItemGroup>
</Project>